
Microsoft Visual Studio Solution File, Format Version 12.00
# Visual Studio 15
VisualStudioVersion = 15.0.26228.9
MinimumVisualStudioVersion = 10.0.40219.1
Project("{FAE04EC0-301F-11D3-BF4B-00C04F79EFBC}") = "VotingApp-Net", "VotingApp-Net\VotingApp-Net.csproj", "{0FF2D046-4C36-481A-938B-7448DEC25CA8}"
EndProject
Project("{E53339B2-1760-4266-BCC7-CA923CBCF16C}") = "docker-compose", "docker-compose.dcproj", "{BB378B98-43A9-4507-8B4B-F6BFFCCB01D9}"
EndProject
Global
	GlobalSection(SolutionConfigurationPlatforms) = preSolution
		Debug|Any CPU = Debug|Any CPU
		Release|Any CPU = Release|Any CPU
	EndGlobalSection
	GlobalSection(ProjectConfigurationPlatforms) = postSolution
		{0FF2D046-4C36-481A-938B-7448DEC25CA8}.Debug|Any CPU.ActiveCfg = Debug|Any CPU
		{0FF2D046-4C36-481A-938B-7448DEC25CA8}.Debug|Any CPU.Build.0 = Debug|Any CPU
		{0FF2D046-4C36-481A-938B-7448DEC25CA8}.Release|Any CPU.ActiveCfg = Release|Any CPU
		{0FF2D046-4C36-481A-938B-7448DEC25CA8}.Release|Any CPU.Build.0 = Release|Any CPU
		{BB378B98-43A9-4507-8B4B-F6BFFCCB01D9}.Debug|Any CPU.ActiveCfg = Debug|Any CPU
		{BB378B98-43A9-4507-8B4B-F6BFFCCB01D9}.Debug|Any CPU.Build.0 = Debug|Any CPU
		{BB378B98-43A9-4507-8B4B-F6BFFCCB01D9}.Release|Any CPU.ActiveCfg = Release|Any CPU
		{BB378B98-43A9-4507-8B4B-F6BFFCCB01D9}.Release|Any CPU.Build.0 = Release|Any CPU
	EndGlobalSection
	GlobalSection(SolutionProperties) = preSolution
		HideSolutionNode = FALSE
	EndGlobalSection
EndGlobal
